PODS:
  - audio_manager (0.0.1):
    - Flutter
  - Flutter (1.0.0)

DEPENDENCIES:
  - audio_manager (from `.symlinks/plugins/audio_manager/ios`)
  - Flutter (from `Flutter`)

EXTERNAL SOURCES:
  audio_manager:
    :path: ".symlinks/plugins/audio_manager/ios"
  Flutter:
    :path: Flutter

SPEC CHECKSUMS:
  audio_manager: 59466b2ea5552ebdcba8106796f09b9357ef12e0
  Flutter: 434fef37c0980e73bb6479ef766c45957d4b510c

PODFILE CHECKSUM: aafe91acc616949ddb318b77800a7f51bffa2a4c

COCOAPODS: 1.10.1
